
Microsoft Visual Studio Solution File, Format Version 12.00
# Visual Studio 15
VisualStudioVersion = 15.0.27130.2026
MinimumVisualStudioVersion = 10.0.40219.1
Project("{FAE04EC0-301F-11D3-BF4B-00C04F79EFBC}") = "HybridAnalysisCSharp", "HybridAnalysisCSharp\HybridAnalysisCSharp.csproj", "{9E7DD088-F4EE-45CA-8408-7A5D8F45ADBD}"
EndProject
Global
	GlobalSection(SolutionConfigurationPlatforms) = preSolution
		Debug|Any CPU = Debug|Any CPU
		Release|Any CPU = Release|Any CPU
	EndGlobalSection
	GlobalSection(ProjectConfigurationPlatforms) = postSolution
		{9E7DD088-F4EE-45CA-8408-7A5D8F45ADBD}.Debug|Any CPU.ActiveCfg = Debug|Any CPU
		{9E7DD088-F4EE-45CA-8408-7A5D8F45ADBD}.Debug|Any CPU.Build.0 = Debug|Any CPU
		{9E7DD088-F4EE-45CA-8408-7A5D8F45ADBD}.Release|Any CPU.ActiveCfg = Release|Any CPU
		{9E7DD088-F4EE-45CA-8408-7A5D8F45ADBD}.Release|Any CPU.Build.0 = Release|Any CPU
	EndGlobalSection
	GlobalSection(SolutionProperties) = preSolution
		HideSolutionNode = FALSE
	EndGlobalSection
	GlobalSection(ExtensibilityGlobals) = postSolution
		SolutionGuid = {981C06E4-0EAB-45B5-8E31-0AFFFFF58636}
	EndGlobalSection
EndGlobal
